// !$*UTF8*$!
{
	archiveVersion = 1;
	classes = {
	};
	objectVersion = 55;
	objects = {

/* Begin PBXBuildFile section */
		5901E01428B4E59600FAD243 /* HomeViewController.swift in Sources */ = {isa = PBXBuildFile; fileRef = 5901E01328B4E59600FAD243 /* HomeViewController.swift */; };
		5902A64128B78EA40074087A /* Domain.framework in Frameworks */ = {isa = PBXBuildFile; fileRef = 5916BD0128B403AD00F51AF6 /* Domain.framework */; };
		5902A64E28B8A72D0074087A /* ErrorView.swift in Sources */ = {isa = PBXBuildFile; fileRef = 5902A64D28B8A72D0074087A /* ErrorView.swift */; };
		5902A65028B8E2650074087A /* ErrorView.xib in Resources */ = {isa = PBXBuildFile; fileRef = 5902A64F28B8E2650074087A /* ErrorView.xib */; };
		5902A65228B8E30B0074087A /* NibView.swift in Sources */ = {isa = PBXBuildFile; fileRef = 5902A65128B8E30B0074087A /* NibView.swift */; };
		5902A65428B907890074087A /* UIView+Extensions.swift in Sources */ = {isa = PBXBuildFile; fileRef = 5902A65328B907890074087A /* UIView+Extensions.swift */; };
		5902A65C28B92A390074087A /* MainCoordinator.swift in Sources */ = {isa = PBXBuildFile; fileRef = 5902A65B28B92A390074087A /* MainCoordinator.swift */; };
		5902A65F28B92CA80074087A /* Coordinator.swift in Sources */ = {isa = PBXBuildFile; fileRef = 5902A65E28B92CA80074087A /* Coordinator.swift */; };
		5902A66228B94D2E0074087A /* DetailView.xib in Resources */ = {isa = PBXBuildFile; fileRef = 5902A66128B94D2E0074087A /* DetailView.xib */; };
		5902A66428B94D4F0074087A /* DetailView.swift in Sources */ = {isa = PBXBuildFile; fileRef = 5902A66328B94D4F0074087A /* DetailView.swift */; };
		5902A66728B95F890074087A /* CountryHeaderView.xib in Resources */ = {isa = PBXBuildFile; fileRef = 5902A66628B95F890074087A /* CountryHeaderView.xib */; };
		5902A66928B95FD70074087A /* CountryHeaderView.swift in Sources */ = {isa = PBXBuildFile; fileRef = 5902A66828B95FD70074087A /* CountryHeaderView.swift */; };
		5916BC9828B3FC2400F51AF6 /* Presentation.docc in Sources */ = {isa = PBXBuildFile; fileRef = 5916BC9728B3FC2400F51AF6 /* Presentation.docc */; };
		5916BC9E28B3FC2400F51AF6 /* Presentation.framework in Frameworks */ = {isa = PBXBuildFile; fileRef = 5916BC9328B3FC2400F51AF6 /* Presentation.framework */; };
		5916BCA428B3FC2400F51AF6 /* Presentation.h in Headers */ = {isa = PBXBuildFile; fileRef = 5916BC9628B3FC2400F51AF6 /* Presentation.h */; settings = {ATTRIBUTES = (Public, ); }; };
		592314EE28BA86C700AD2128 /* ContinentListItemViewModel.swift in Sources */ = {isa = PBXBuildFile; fileRef = 592314ED28BA86C700AD2128 /* ContinentListItemViewModel.swift */; };
		592314F628BAA81A00AD2128 /* ContinentHeaderView.xib in Resources */ = {isa = PBXBuildFile; fileRef = 592314F528BAA81A00AD2128 /* ContinentHeaderView.xib */; };
		592314F828BAA82500AD2128 /* ContinentHeaderView.swift in Sources */ = {isa = PBXBuildFile; fileRef = 592314F728BAA82500AD2128 /* ContinentHeaderView.swift */; };
		592314FC28BB751F00AD2128 /* CountryListItemViewModelTests.swift in Sources */ = {isa = PBXBuildFile; fileRef = 592314FB28BB751F00AD2128 /* CountryListItemViewModelTests.swift */; };
		592314FE28BB757700AD2128 /* HomeViewModelTests.swift in Sources */ = {isa = PBXBuildFile; fileRef = 592314FD28BB757700AD2128 /* HomeViewModelTests.swift */; };
		5923150028BB8A0500AD2128 /* DetailViewModelTests.swift in Sources */ = {isa = PBXBuildFile; fileRef = 592314FF28BB8A0500AD2128 /* DetailViewModelTests.swift */; };
		5923150328BB911700AD2128 /* MockFetchCountryUseCase.swift in Sources */ = {isa = PBXBuildFile; fileRef = 5923150228BB911700AD2128 /* MockFetchCountryUseCase.swift */; };
		5923150628BB921600AD2128 /* Country+Stub.swift in Sources */ = {isa = PBXBuildFile; fileRef = 5923150528BB921600AD2128 /* Country+Stub.swift */; };
		5923150A28BBA51700AD2128 /* DetailSectionViewModelTests.swift in Sources */ = {isa = PBXBuildFile; fileRef = 5923150928BBA51700AD2128 /* DetailSectionViewModelTests.swift */; };
		592AE49728BA1D4500F68B6A /* DetailSectionViewModel.swift in Sources */ = {isa = PBXBuildFile; fileRef = 592AE49628BA1D4500F68B6A /* DetailSectionViewModel.swift */; };
		5930673228B54B3B004913B7 /* CountryListItemViewModel.swift in Sources */ = {isa = PBXBuildFile; fileRef = 5930673128B54B3B004913B7 /* CountryListItemViewModel.swift */; };
		5930675728B554D7004913B7 /* RxCocoa in Frameworks */ = {isa = PBXBuildFile; productRef = 5930675628B554D7004913B7 /* RxCocoa */; };
		5930675928B554D7004913B7 /* RxRelay in Frameworks */ = {isa = PBXBuildFile; productRef = 5930675828B554D7004913B7 /* RxRelay */; };
		5930675B28B554D7004913B7 /* RxSwift in Frameworks */ = {isa = PBXBuildFile; productRef = 5930675A28B554D7004913B7 /* RxSwift */; };
		5930675F28B5561A004913B7 /* RxBlocking in Frameworks */ = {isa = PBXBuildFile; productRef = 5930675E28B5561A004913B7 /* RxBlocking */; };
		5930676128B5561A004913B7 /* RxTest in Frameworks */ = {isa = PBXBuildFile; productRef = 5930676028B5561A004913B7 /* RxTest */; };
		5930676628B62C5C004913B7 /* UITableView+Extensions.swift in Sources */ = {isa = PBXBuildFile; fileRef = 5930676528B62C5C004913B7 /* UITableView+Extensions.swift */; };
		5930676828B636BA004913B7 /* HomeView.swift in Sources */ = {isa = PBXBuildFile; fileRef = 5930676728B636BA004913B7 /* HomeView.swift */; };
		5930676E28B66D9A004913B7 /* CountryTableViewCell.swift in Sources */ = {isa = PBXBuildFile; fileRef = 5930676C28B66D9A004913B7 /* CountryTableViewCell.swift */; };
		5930676F28B66D9A004913B7 /* CountryTableViewCell.xib in Resources */ = {isa = PBXBuildFile; fileRef = 5930676D28B66D9A004913B7 /* CountryTableViewCell.xib */; };
		5930677228B695E3004913B7 /* Colors.xcassets in Resources */ = {isa = PBXBuildFile; fileRef = 5930677128B695E3004913B7 /* Colors.xcassets */; };
		5930677428B696AB004913B7 /* Theme.swift in Sources */ = {isa = PBXBuildFile; fileRef = 5930677328B696AB004913B7 /* Theme.swift */; };
		5930677628B6ACBB004913B7 /* UIColor+Extensions.swift in Sources */ = {isa = PBXBuildFile; fileRef = 5930677528B6ACBB004913B7 /* UIColor+Extensions.swift */; };
		5930677828B6AD32004913B7 /* Bundle+Extensions.swift in Sources */ = {isa = PBXBuildFile; fileRef = 5930677728B6AD32004913B7 /* Bundle+Extensions.swift */; };
		5930677B28B6B0D1004913B7 /* Kingfisher in Frameworks */ = {isa = PBXBuildFile; productRef = 5930677A28B6B0D1004913B7 /* Kingfisher */; };
		5930677D28B76406004913B7 /* Assets.xcassets in Resources */ = {isa = PBXBuildFile; fileRef = 5930677C28B76406004913B7 /* Assets.xcassets */; };
		593158D928B4E95E000D2DCC /* HomeViewModel.swift in Sources */ = {isa = PBXBuildFile; fileRef = 593158D828B4E95E000D2DCC /* HomeViewModel.swift */; };
		593158DC28B4EBA9000D2DCC /* BaseViewController.swift in Sources */ = {isa = PBXBuildFile; fileRef = 593158DB28B4EBA9000D2DCC /* BaseViewController.swift */; };
		593158DE28B4F0DA000D2DCC /* DetailViewController.swift in Sources */ = {isa = PBXBuildFile; fileRef = 593158DD28B4F0DA000D2DCC /* DetailViewController.swift */; };
		593158E028B4F0FB000D2DCC /* DetailViewModel.swift in Sources */ = {isa = PBXBuildFile; fileRef = 593158DF28B4F0FB000D2DCC /* DetailViewModel.swift */; };
		5998C96E28BA04B400D2BA58 /* DetailModalTransition.swift in Sources */ = {isa = PBXBuildFile; fileRef = 5998C96D28BA04B400D2BA58 /* DetailModalTransition.swift */; };
		59FDB2A028BA17B200D1AF33 /* SectionHeaderView.xib in Resources */ = {isa = PBXBuildFile; fileRef = 59FDB29F28BA17B200D1AF33 /* SectionHeaderView.xib */; };
		59FDB2A228BA17B900D1AF33 /* SectionHeaderView.swift in Sources */ = {isa = PBXBuildFile; fileRef = 59FDB2A128BA17B900D1AF33 /* SectionHeaderView.swift */; };
		59FDB2A528BA1B0200D1AF33 /* DetailSectionView.xib in Resources */ = {isa = PBXBuildFile; fileRef = 59FDB2A428BA1B0200D1AF33 /* DetailSectionView.xib */; };
		59FDB2A728BA1B0B00D1AF33 /* DetailSectionView.swift in Sources */ = {isa = PBXBuildFile; fileRef = 59FDB2A628BA1B0B00D1AF33 /* DetailSectionView.swift */; };
/* End PBXBuildFile section */

/* Begin PBXContainerItemProxy section */
		5916BC9F28B3FC2400F51AF6 /* PBXContainerItemProxy */ = {
			isa = PBXContainerItemProxy;
			containerPortal = 5916BC8A28B3FC2400F51AF6 /* Project object */;
			proxyType = 1;
			remoteGlobalIDString = 5916BC9228B3FC2400F51AF6;
			remoteInfo = Presentation;
		};
/* End PBXContainerItemProxy section */

/* Begin PBXFileReference section */
		5901E01328B4E59600FAD243 /* HomeViewController.swift */ = {isa = PBXFileReference; lastKnownFileType = sourcecode.swift; path = HomeViewController.swift; sourceTree = "<group>"; };
		5902A64D28B8A72D0074087A /* ErrorView.swift */ = {isa = PBXFileReference; lastKnownFileType = sourcecode.swift; path = ErrorView.swift; sourceTree = "<group>"; };
		5902A64F28B8E2650074087A /* ErrorView.xib */ = {isa = PBXFileReference; lastKnownFileType = file.xib; path = ErrorView.xib; sourceTree = "<group>"; };
		5902A65128B8E30B0074087A /* NibView.swift */ = {isa = PBXFileReference; lastKnownFileType = sourcecode.swift; path = NibView.swift; sourceTree = "<group>"; };
		5902A65328B907890074087A /* UIView+Extensions.swift */ = {isa = PBXFileReference; lastKnownFileType = sourcecode.swift; path = "UIView+Extensions.swift"; sourceTree = "<group>"; };
		5902A65B28B92A390074087A /* MainCoordinator.swift */ = {isa = PBXFileReference; lastKnownFileType = sourcecode.swift; path = MainCoordinator.swift; sourceTree = "<group>"; };
		5902A65E28B92CA80074087A /* Coordinator.swift */ = {isa = PBXFileReference; lastKnownFileType = sourcecode.swift; path = Coordinator.swift; sourceTree = "<group>"; };
		5902A66128B94D2E0074087A /* DetailView.xib */ = {isa = PBXFileReference; lastKnownFileType = file.xib; path = DetailView.xib; sourceTree = "<group>"; };
		5902A66328B94D4F0074087A /* DetailView.swift */ = {isa = PBXFileReference; lastKnownFileType = sourcecode.swift; path = DetailView.swift; sourceTree = "<group>"; };
		5902A66628B95F890074087A /* CountryHeaderView.xib */ = {isa = PBXFileReference; lastKnownFileType = file.xib; path = CountryHeaderView.xib; sourceTree = "<group>"; };
		5902A66828B95FD70074087A /* CountryHeaderView.swift */ = {isa = PBXFileReference; lastKnownFileType = sourcecode.swift; path = CountryHeaderView.swift; sourceTree = "<group>"; };
		5916BC9328B3FC2400F51AF6 /* Presentation.framework */ = {isa = PBXFileReference; explicitFileType = wrapper.framework; includeInIndex = 0; path = Presentation.framework; sourceTree = BUILT_PRODUCTS_DIR; };
		5916BC9628B3FC2400F51AF6 /* Presentation.h */ = {isa = PBXFileReference; lastKnownFileType = sourcecode.c.h; path = Presentation.h; sourceTree = "<group>"; };
		5916BC9728B3FC2400F51AF6 /* Presentation.docc */ = {isa = PBXFileReference; lastKnownFileType = folder.documentationcatalog; path = Presentation.docc; sourceTree = "<group>"; };
		5916BC9D28B3FC2400F51AF6 /* PresentationTests.xctest */ = {isa = PBXFileReference; explicitFileType = wrapper.cfbundle; includeInIndex = 0; path = PresentationTests.xctest; sourceTree = BUILT_PRODUCTS_DIR; };
		5916BD0128B403AD00F51AF6 /* Domain.framework */ = {isa = PBXFileReference; explicitFileType = wrapper.framework; path = Domain.framework; sourceTree = BUILT_PRODUCTS_DIR; };
		592314ED28BA86C700AD2128 /* ContinentListItemViewModel.swift */ = {isa = PBXFileReference; lastKnownFileType = sourcecode.swift; path = ContinentListItemViewModel.swift; sourceTree = "<group>"; };
		592314F528BAA81A00AD2128 /* ContinentHeaderView.xib */ = {isa = PBXFileReference; lastKnownFileType = file.xib; path = ContinentHeaderView.xib; sourceTree = "<group>"; };
		592314F728BAA82500AD2128 /* ContinentHeaderView.swift */ = {isa = PBXFileReference; lastKnownFileType = sourcecode.swift; path = ContinentHeaderView.swift; sourceTree = "<group>"; };
		592314FB28BB751F00AD2128 /* CountryListItemViewModelTests.swift */ = {isa = PBXFileReference; lastKnownFileType = sourcecode.swift; path = CountryListItemViewModelTests.swift; sourceTree = "<group>"; };
		592314FD28BB757700AD2128 /* HomeViewModelTests.swift */ = {isa = PBXFileReference; lastKnownFileType = sourcecode.swift; path = HomeViewModelTests.swift; sourceTree = "<group>"; };
		592314FF28BB8A0500AD2128 /* DetailViewModelTests.swift */ = {isa = PBXFileReference; lastKnownFileType = sourcecode.swift; path = DetailViewModelTests.swift; sourceTree = "<group>"; };
		5923150228BB911700AD2128 /* MockFetchCountryUseCase.swift */ = {isa = PBXFileReference; lastKnownFileType = sourcecode.swift; path = MockFetchCountryUseCase.swift; sourceTree = "<group>"; };
		5923150528BB921600AD2128 /* Country+Stub.swift */ = {isa = PBXFileReference; lastKnownFileType = sourcecode.swift; path = "Country+Stub.swift"; sourceTree = "<group>"; };
		5923150928BBA51700AD2128 /* DetailSectionViewModelTests.swift */ = {isa = PBXFileReference; lastKnownFileType = sourcecode.swift; path = DetailSectionViewModelTests.swift; sourceTree = "<group>"; };
		592AE49628BA1D4500F68B6A /* DetailSectionViewModel.swift */ = {isa = PBXFileReference; lastKnownFileType = sourcecode.swift; path = DetailSectionViewModel.swift; sourceTree = "<group>"; };
		5930673128B54B3B004913B7 /* CountryListItemViewModel.swift */ = {isa = PBXFileReference; lastKnownFileType = sourcecode.swift; path = CountryListItemViewModel.swift; sourceTree = "<group>"; };
		5930676528B62C5C004913B7 /* UITableView+Extensions.swift */ = {isa = PBXFileReference; lastKnownFileType = sourcecode.swift; path = "UITableView+Extensions.swift"; sourceTree = "<group>"; };
		5930676728B636BA004913B7 /* HomeView.swift */ = {isa = PBXFileReference; lastKnownFileType = sourcecode.swift; path = HomeView.swift; sourceTree = "<group>"; };
		5930676C28B66D9A004913B7 /* CountryTableViewCell.swift */ = {isa = PBXFileReference; lastKnownFileType = sourcecode.swift; path = CountryTableViewCell.swift; sourceTree = "<group>"; };
		5930676D28B66D9A004913B7 /* CountryTableViewCell.xib */ = {isa = PBXFileReference; lastKnownFileType = file.xib; path = CountryTableViewCell.xib; sourceTree = "<group>"; };
		5930677128B695E3004913B7 /* Colors.xcassets */ = {isa = PBXFileReference; lastKnownFileType = folder.assetcatalog; path = Colors.xcassets; sourceTree = "<group>"; };
		5930677328B696AB004913B7 /* Theme.swift */ = {isa = PBXFileReference; lastKnownFileType = sourcecode.swift; path = Theme.swift; sourceTree = "<group>"; };
		5930677528B6ACBB004913B7 /* UIColor+Extensions.swift */ = {isa = PBXFileReference; lastKnownFileType = sourcecode.swift; path = "UIColor+Extensions.swift"; sourceTree = "<group>"; };
		5930677728B6AD32004913B7 /* Bundle+Extensions.swift */ = {isa = PBXFileReference; lastKnownFileType = sourcecode.swift; path = "Bundle+Extensions.swift"; sourceTree = "<group>"; };
		5930677C28B76406004913B7 /* Assets.xcassets */ = {isa = PBXFileReference; lastKnownFileType = folder.assetcatalog; path = Assets.xcassets; sourceTree = "<group>"; };
		593158D828B4E95E000D2DCC /* HomeViewModel.swift */ = {isa = PBXFileReference; lastKnownFileType = sourcecode.swift; path = HomeViewModel.swift; sourceTree = "<group>"; };
		593158DB28B4EBA9000D2DCC /* BaseViewController.swift */ = {isa = PBXFileReference; lastKnownFileType = sourcecode.swift; path = BaseViewController.swift; sourceTree = "<group>"; };
		593158DD28B4F0DA000D2DCC /* DetailViewController.swift */ = {isa = PBXFileReference; lastKnownFileType = sourcecode.swift; path = DetailViewController.swift; sourceTree = "<group>"; };
		593158DF28B4F0FB000D2DCC /* DetailViewModel.swift */ = {isa = PBXFileReference; lastKnownFileType = sourcecode.swift; path = DetailViewModel.swift; sourceTree = "<group>"; };
		5998C96D28BA04B400D2BA58 /* DetailModalTransition.swift */ = {isa = PBXFileReference; lastKnownFileType = sourcecode.swift; path = DetailModalTransition.swift; sourceTree = "<group>"; };
		59FDB29F28BA17B200D1AF33 /* SectionHeaderView.xib */ = {isa = PBXFileReference; lastKnownFileType = file.xib; path = SectionHeaderView.xib; sourceTree = "<group>"; };
		59FDB2A128BA17B900D1AF33 /* SectionHeaderView.swift */ = {isa = PBXFileReference; lastKnownFileType = sourcecode.swift; path = SectionHeaderView.swift; sourceTree = "<group>"; };
		59FDB2A428BA1B0200D1AF33 /* DetailSectionView.xib */ = {isa = PBXFileReference; lastKnownFileType = file.xib; path = DetailSectionView.xib; sourceTree = "<group>"; };
		59FDB2A628BA1B0B00D1AF33 /* DetailSectionView.swift */ = {isa = PBXFileReference; lastKnownFileType = sourcecode.swift; path = DetailSectionView.swift; sourceTree = "<group>"; };
/* End PBXFileReference section */

/* Begin PBXFrameworksBuildPhase section */
		5916BC9028B3FC2400F51AF6 /* Frameworks */ = {
			isa = PBXFrameworksBuildPhase;
			buildActionMask = 2147483647;
			files = (
				5902A64128B78EA40074087A /* Domain.framework in Frameworks */,
				5930675728B554D7004913B7 /* RxCocoa in Frameworks */,
				5930675B28B554D7004913B7 /* RxSwift in Frameworks */,
				5930675928B554D7004913B7 /* RxRelay in Frameworks */,
				5930677B28B6B0D1004913B7 /* Kingfisher in Frameworks */,
			);
			runOnlyForDeploymentPostprocessing = 0;
		};
		5916BC9A28B3FC2400F51AF6 /* Frameworks */ = {
			isa = PBXFrameworksBuildPhase;
			buildActionMask = 2147483647;
			files = (
				5916BC9E28B3FC2400F51AF6 /* Presentation.framework in Frameworks */,
				5930676128B5561A004913B7 /* RxTest in Frameworks */,
				5930675F28B5561A004913B7 /* RxBlocking in Frameworks */,
			);
			runOnlyForDeploymentPostprocessing = 0;
		};
/* End PBXFrameworksBuildPhase section */

/* Begin PBXGroup section */
		5901E00C28B4E55700FAD243 /* Scene */ = {
			isa = PBXGroup;
			children = (
				5901E00D28B4E56100FAD243 /* Home */,
				5901E00E28B4E56A00FAD243 /* Detail */,
			);
			path = Scene;
			sourceTree = "<group>";
		};
		5901E00D28B4E56100FAD243 /* Home */ = {
			isa = PBXGroup;
			children = (
				5901E01028B4E57C00FAD243 /* ViewModel */,
				5901E00F28B4E57500FAD243 /* View */,
			);
			path = Home;
			sourceTree = "<group>";
		};
		5901E00E28B4E56A00FAD243 /* Detail */ = {
			isa = PBXGroup;
			children = (
				5901E01228B4E58600FAD243 /* ViewModel */,
				5901E01128B4E58200FAD243 /* View */,
			);
			path = Detail;
			sourceTree = "<group>";
		};
		5901E00F28B4E57500FAD243 /* View */ = {
			isa = PBXGroup;
			children = (
				592314F428BAA80A00AD2128 /* ContinentHeaderView */,
				5930676B28B66D81004913B7 /* LaunchCell */,
				5930676728B636BA004913B7 /* HomeView.swift */,
				5901E01328B4E59600FAD243 /* HomeViewController.swift */,
			);
			path = View;
			sourceTree = "<group>";
		};
		5901E01028B4E57C00FAD243 /* ViewModel */ = {
			isa = PBXGroup;
			children = (
				592314ED28BA86C700AD2128 /* ContinentListItemViewModel.swift */,
				5930673128B54B3B004913B7 /* CountryListItemViewModel.swift */,
				593158D828B4E95E000D2DCC /* HomeViewModel.swift */,
			);
			path = ViewModel;
			sourceTree = "<group>";
		};
		5901E01128B4E58200FAD243 /* View */ = {
			isa = PBXGroup;
			children = (
				59FDB29E28BA17A600D1AF33 /* SectionHeaderView */,
				59FDB2A328BA1AF100D1AF33 /* DetailSection */,
				5902A66028B94D140074087A /* DetailView */,
				593158DD28B4F0DA000D2DCC /* DetailViewController.swift */,
			);
			path = View;
			sourceTree = "<group>";
		};
		5901E01228B4E58600FAD243 /* ViewModel */ = {
			isa = PBXGroup;
			children = (
				592AE49628BA1D4500F68B6A /* DetailSectionViewModel.swift */,
				593158DF28B4F0FB000D2DCC /* DetailViewModel.swift */,
			);
			path = ViewModel;
			sourceTree = "<group>";
		};
		5902A64B28B8A6D10074087A /* ErrorView */ = {
			isa = PBXGroup;
			children = (
				5902A64D28B8A72D0074087A /* ErrorView.swift */,
				5902A64F28B8E2650074087A /* ErrorView.xib */,
			);
			path = ErrorView;
			sourceTree = "<group>";
		};
		5902A64C28B8A6FF0074087A /* SharedViews */ = {
			isa = PBXGroup;
			children = (
				5902A66528B95F700074087A /* LaunchHeaderView */,
				5902A65128B8E30B0074087A /* NibView.swift */,
				5902A64B28B8A6D10074087A /* ErrorView */,
			);
			path = SharedViews;
			sourceTree = "<group>";
		};
		5902A65A28B92A2D0074087A /* Coordinator */ = {
			isa = PBXGroup;
			children = (
				5902A65D28B92CA10074087A /* Base */,
				5902A65B28B92A390074087A /* MainCoordinator.swift */,
			);
			path = Coordinator;
			sourceTree = "<group>";
		};
		5902A65D28B92CA10074087A /* Base */ = {
			isa = PBXGroup;
			children = (
				5902A65E28B92CA80074087A /* Coordinator.swift */,
			);
			path = Base;
			sourceTree = "<group>";
		};
		5902A66028B94D140074087A /* DetailView */ = {
			isa = PBXGroup;
			children = (
				5902A66328B94D4F0074087A /* DetailView.swift */,
				5902A66128B94D2E0074087A /* DetailView.xib */,
			);
			path = DetailView;
			sourceTree = "<group>";
		};
		5902A66528B95F700074087A /* LaunchHeaderView */ = {
			isa = PBXGroup;
			children = (
				5902A66828B95FD70074087A /* CountryHeaderView.swift */,
				5902A66628B95F890074087A /* CountryHeaderView.xib */,
			);
			path = LaunchHeaderView;
			sourceTree = "<group>";
		};
		5916BC8928B3FC2400F51AF6 = {
			isa = PBXGroup;
			children = (
				5916BC9528B3FC2400F51AF6 /* Presentation */,
				5916BCA128B3FC2400F51AF6 /* PresentationTests */,
				5916BC9428B3FC2400F51AF6 /* Products */,
				5916BD0028B403AD00F51AF6 /* Frameworks */,
			);
			sourceTree = "<group>";
		};
		5916BC9428B3FC2400F51AF6 /* Products */ = {
			isa = PBXGroup;
			children = (
				5916BC9328B3FC2400F51AF6 /* Presentation.framework */,
				5916BC9D28B3FC2400F51AF6 /* PresentationTests.xctest */,
			);
			name = Products;
			sourceTree = "<group>";
		};
		5916BC9528B3FC2400F51AF6 /* Presentation */ = {
			isa = PBXGroup;
			children = (
				5930677028B695C1004913B7 /* Assets */,
				5902A65A28B92A2D0074087A /* Coordinator */,
				5902A64C28B8A6FF0074087A /* SharedViews */,
				593158DA28B4EB9D000D2DCC /* Utils */,
				5901E00C28B4E55700FAD243 /* Scene */,
				5916BC9628B3FC2400F51AF6 /* Presentation.h */,
				5916BC9728B3FC2400F51AF6 /* Presentation.docc */,
			);
			path = Presentation;
			sourceTree = "<group>";
		};
		5916BCA128B3FC2400F51AF6 /* PresentationTests */ = {
			isa = PBXGroup;
			children = (
				5923150928BBA51700AD2128 /* DetailSectionViewModelTests.swift */,
				592314FB28BB751F00AD2128 /* CountryListItemViewModelTests.swift */,
				592314FD28BB757700AD2128 /* HomeViewModelTests.swift */,
				592314FF28BB8A0500AD2128 /* DetailViewModelTests.swift */,
				5923150128BB910800AD2128 /* Mocks */,
				5923150428BB920300AD2128 /* Stubs */,
			);
			path = PresentationTests;
			sourceTree = "<group>";
		};
		5916BD0028B403AD00F51AF6 /* Frameworks */ = {
			isa = PBXGroup;
			children = (
				5916BD0128B403AD00F51AF6 /* Domain.framework */,
			);
			name = Frameworks;
			sourceTree = "<group>";
		};
		592314F428BAA80A00AD2128 /* ContinentHeaderView */ = {
			isa = PBXGroup;
			children = (
				592314F728BAA82500AD2128 /* ContinentHeaderView.swift */,
				592314F528BAA81A00AD2128 /* ContinentHeaderView.xib */,
			);
			path = ContinentHeaderView;
			sourceTree = "<group>";
		};
		5923150128BB910800AD2128 /* Mocks */ = {
			isa = PBXGroup;
			children = (
				5923150228BB911700AD2128 /* MockFetchCountryUseCase.swift */,
			);
			path = Mocks;
			sourceTree = "<group>";
		};
		5923150428BB920300AD2128 /* Stubs */ = {
			isa = PBXGroup;
			children = (
				5923150528BB921600AD2128 /* Country+Stub.swift */,
			);
			path = Stubs;
			sourceTree = "<group>";
		};
		5930676328B62C38004913B7 /* Base */ = {
			isa = PBXGroup;
			children = (
				593158DB28B4EBA9000D2DCC /* BaseViewController.swift */,
			);
			path = Base;
			sourceTree = "<group>";
		};
		5930676428B62C51004913B7 /* Extensions */ = {
			isa = PBXGroup;
			children = (
				5930676528B62C5C004913B7 /* UITableView+Extensions.swift */,
				5930677528B6ACBB004913B7 /* UIColor+Extensions.swift */,
				5930677728B6AD32004913B7 /* Bundle+Extensions.swift */,
				5902A65328B907890074087A /* UIView+Extensions.swift */,
			);
			path = Extensions;
			sourceTree = "<group>";
		};
		5930676B28B66D81004913B7 /* LaunchCell */ = {
			isa = PBXGroup;
			children = (
				5930676C28B66D9A004913B7 /* CountryTableViewCell.swift */,
				5930676D28B66D9A004913B7 /* CountryTableViewCell.xib */,
			);
			path = LaunchCell;
			sourceTree = "<group>";
		};
		5930677028B695C1004913B7 /* Assets */ = {
			isa = PBXGroup;
			children = (
				5930677128B695E3004913B7 /* Colors.xcassets */,
				5930677C28B76406004913B7 /* Assets.xcassets */,
			);
			path = Assets;
			sourceTree = "<group>";
		};
		593158DA28B4EB9D000D2DCC /* Utils */ = {
			isa = PBXGroup;
			children = (
				5998C96C28BA048800D2BA58 /* Transitions */,
				5930676428B62C51004913B7 /* Extensions */,
				5930676328B62C38004913B7 /* Base */,
				5930677328B696AB004913B7 /* Theme.swift */,
			);
			path = Utils;
			sourceTree = "<group>";
		};
		5998C96C28BA048800D2BA58 /* Transitions */ = {
			isa = PBXGroup;
			children = (
				5998C96D28BA04B400D2BA58 /* DetailModalTransition.swift */,
			);
			path = Transitions;
			sourceTree = "<group>";
		};
		59FDB29E28BA17A600D1AF33 /* SectionHeaderView */ = {
			isa = PBXGroup;
			children = (
				59FDB2A128BA17B900D1AF33 /* SectionHeaderView.swift */,
				59FDB29F28BA17B200D1AF33 /* SectionHeaderView.xib */,
			);
			path = SectionHeaderView;
			sourceTree = "<group>";
		};
		59FDB2A328BA1AF100D1AF33 /* DetailSection */ = {
			isa = PBXGroup;
			children = (
				59FDB2A628BA1B0B00D1AF33 /* DetailSectionView.swift */,
				59FDB2A428BA1B0200D1AF33 /* DetailSectionView.xib */,
			);
			path = DetailSection;
			sourceTree = "<group>";
		};
/* End PBXGroup section */

/* Begin PBXHeadersBuildPhase section */
		5916BC8E28B3FC2400F51AF6 /* Headers */ = {
			isa = PBXHeadersBuildPhase;
			buildActionMask = 2147483647;
			files = (
				5916BCA428B3FC2400F51AF6 /* Presentation.h in Headers */,
			);
			runOnlyForDeploymentPostprocessing = 0;
		};
/* End PBXHeadersBuildPhase section */

/* Begin PBXNativeTarget section */
		5916BC9228B3FC2400F51AF6 /* Presentation */ = {
			isa = PBXNativeTarget;
			buildConfigurationList = 5916BCA728B3FC2400F51AF6 /* Build configuration list for PBXNativeTarget "Presentation" */;
			buildPhases = (
				5916BC8E28B3FC2400F51AF6 /* Headers */,
				5916BC8F28B3FC2400F51AF6 /* Sources */,
				5916BC9028B3FC2400F51AF6 /* Frameworks */,
				5916BC9128B3FC2400F51AF6 /* Resources */,
			);
			buildRules = (
			);
			dependencies = (
			);
			name = Presentation;
			packageProductDependencies = (
				5930675628B554D7004913B7 /* RxCocoa */,
				5930675828B554D7004913B7 /* RxRelay */,
				5930675A28B554D7004913B7 /* RxSwift */,
				5930677A28B6B0D1004913B7 /* Kingfisher */,
			);
			productName = Presentation;
			productReference = 5916BC9328B3FC2400F51AF6 /* Presentation.framework */;
			productType = "com.apple.product-type.framework";
		};
		5916BC9C28B3FC2400F51AF6 /* PresentationTests */ = {
			isa = PBXNativeTarget;
			buildConfigurationList = 5916BCAA28B3FC2400F51AF6 /* Build configuration list for PBXNativeTarget "PresentationTests" */;
			buildPhases = (
				5916BC9928B3FC2400F51AF6 /* Sources */,
				5916BC9A28B3FC2400F51AF6 /* Frameworks */,
				5916BC9B28B3FC2400F51AF6 /* Resources */,
			);
			buildRules = (
			);
			dependencies = (
				5916BCA028B3FC2400F51AF6 /* PBXTargetDependency */,
			);
			name = PresentationTests;
			packageProductDependencies = (
				5930675E28B5561A004913B7 /* RxBlocking */,
				5930676028B5561A004913B7 /* RxTest */,
			);
			productName = PresentationTests;
			productReference = 5916BC9D28B3FC2400F51AF6 /* PresentationTests.xctest */;
			productType = "com.apple.product-type.bundle.unit-test";
		};
/* End PBXNativeTarget section */

/* Begin PBXProject section */
		5916BC8A28B3FC2400F51AF6 /* Project object */ = {
			isa = PBXProject;
			attributes = {
				BuildIndependentTargetsInParallel = 1;
				LastSwiftUpdateCheck = 1340;
				LastUpgradeCheck = 1340;
				TargetAttributes = {
					5916BC9228B3FC2400F51AF6 = {
						CreatedOnToolsVersion = 13.4.1;
					};
					5916BC9C28B3FC2400F51AF6 = {
						CreatedOnToolsVersion = 13.4.1;
					};
				};
			};
			buildConfigurationList = 5916BC8D28B3FC2400F51AF6 /* Build configuration list for PBXProject "Presentation" */;
			compatibilityVersion = "Xcode 13.0";
			developmentRegion = en;
			hasScannedForEncodings = 0;
			knownRegions = (
				en,
				Base,
			);
			mainGroup = 5916BC8928B3FC2400F51AF6;
			packageReferences = (
				5930675328B554D7004913B7 /* XCRemoteSwiftPackageReference "RxSwift" */,
				5930677928B6B0D1004913B7 /* XCRemoteSwiftPackageReference "Kingfisher" */,
			);
			productRefGroup = 5916BC9428B3FC2400F51AF6 /* Products */;
			projectDirPath = "";
			projectRoot = "";
			targets = (
				5916BC9228B3FC2400F51AF6 /* Presentation */,
				5916BC9C28B3FC2400F51AF6 /* PresentationTests */,
			);
		};
/* End PBXProject section */

/* Begin PBXResourcesBuildPhase section */
		5916BC9128B3FC2400F51AF6 /* Resources */ = {
			isa = PBXResourcesBuildPhase;
			buildActionMask = 2147483647;
			files = (
				5902A66728B95F890074087A /* CountryHeaderView.xib in Resources */,
				5930677228B695E3004913B7 /* Colors.xcassets in Resources */,
				59FDB2A528BA1B0200D1AF33 /* DetailSectionView.xib in Resources */,
				5930677D28B76406004913B7 /* Assets.xcassets in Resources */,
				5930676F28B66D9A004913B7 /* CountryTableViewCell.xib in Resources */,
				5902A65028B8E2650074087A /* ErrorView.xib in Resources */,
				5902A66228B94D2E0074087A /* DetailView.xib in Resources */,
				592314F628BAA81A00AD2128 /* ContinentHeaderView.xib in Resources */,
				59FDB2A028BA17B200D1AF33 /* SectionHeaderView.xib in Resources */,
			);
			runOnlyForDeploymentPostprocessing = 0;
		};
		5916BC9B28B3FC2400F51AF6 /* Resources */ = {
			isa = PBXResourcesBuildPhase;
			buildActionMask = 2147483647;
			files = (
			);
			runOnlyForDeploymentPostprocessing = 0;
		};
/* End PBXResourcesBuildPhase section */

/* Begin PBXSourcesBuildPhase section */
		5916BC8F28B3FC2400F51AF6 /* Sources */ = {
			isa = PBXSourcesBuildPhase;
			buildActionMask = 2147483647;
			files = (
				5930676828B636BA004913B7 /* HomeView.swift in Sources */,
				5930677428B696AB004913B7 /* Theme.swift in Sources */,
				5916BC9828B3FC2400F51AF6 /* Presentation.docc in Sources */,
				5930677828B6AD32004913B7 /* Bundle+Extensions.swift in Sources */,
				5902A65C28B92A390074087A /* MainCoordinator.swift in Sources */,
				5930677628B6ACBB004913B7 /* UIColor+Extensions.swift in Sources */,
				593158E028B4F0FB000D2DCC /* DetailViewModel.swift in Sources */,
				5998C96E28BA04B400D2BA58 /* DetailModalTransition.swift in Sources */,
				5902A65428B907890074087A /* UIView+Extensions.swift in Sources */,
				5902A65F28B92CA80074087A /* Coordinator.swift in Sources */,
				593158DC28B4EBA9000D2DCC /* BaseViewController.swift in Sources */,
				592AE49728BA1D4500F68B6A /* DetailSectionViewModel.swift in Sources */,
				59FDB2A228BA17B900D1AF33 /* SectionHeaderView.swift in Sources */,
				5930676628B62C5C004913B7 /* UITableView+Extensions.swift in Sources */,
				5930673228B54B3B004913B7 /* CountryListItemViewModel.swift in Sources */,
				5902A66928B95FD70074087A /* CountryHeaderView.swift in Sources */,
				59FDB2A728BA1B0B00D1AF33 /* DetailSectionView.swift in Sources */,
				5930676E28B66D9A004913B7 /* CountryTableViewCell.swift in Sources */,
				593158DE28B4F0DA000D2DCC /* DetailViewController.swift in Sources */,
				5902A64E28B8A72D0074087A /* ErrorView.swift in Sources */,
				592314F828BAA82500AD2128 /* ContinentHeaderView.swift in Sources */,
				593158D928B4E95E000D2DCC /* HomeViewModel.swift in Sources */,
				592314EE28BA86C700AD2128 /* ContinentListItemViewModel.swift in Sources */,
				5902A66428B94D4F0074087A /* DetailView.swift in Sources */,
				5901E01428B4E59600FAD243 /* HomeViewController.swift in Sources */,
				5902A65228B8E30B0074087A /* NibView.swift in Sources */,
			);
			runOnlyForDeploymentPostprocessing = 0;
		};
		5916BC9928B3FC2400F51AF6 /* Sources */ = {
			isa = PBXSourcesBuildPhase;
			buildActionMask = 2147483647;
			files = (
				592314FC28BB751F00AD2128 /* CountryListItemViewModelTests.swift in Sources */,
				5923150328BB911700AD2128 /* MockFetchCountryUseCase.swift in Sources */,
				5923150628BB921600AD2128 /* Country+Stub.swift in Sources */,
				592314FE28BB757700AD2128 /* HomeViewModelTests.swift in Sources */,
				5923150028BB8A0500AD2128 /* DetailViewModelTests.swift in Sources */,
				5923150A28BBA51700AD2128 /* DetailSectionViewModelTests.swift in Sources */,
			);
			runOnlyForDeploymentPostprocessing = 0;
		};
/* End PBXSourcesBuildPhase section */

/* Begin PBXTargetDependency section */
		5916BCA028B3FC2400F51AF6 /* PBXTargetDependency */ = {
			isa = PBXTargetDependency;
			target = 5916BC9228B3FC2400F51AF6 /* Presentation */;
			targetProxy = 5916BC9F28B3FC2400F51AF6 /* PBXContainerItemProxy */;
		};
/* End PBXTargetDependency section */

/* Begin XCBuildConfiguration section */
		5916BCA528B3FC2400F51AF6 /* Debug */ = {
			isa = XCBuildConfiguration;
			buildSettings = {
				ALWAYS_SEARCH_USER_PATHS = NO;
				CLANG_ANALYZER_NONNULL = YES;
				CLANG_ANALYZER_NUMBER_OBJECT_CONVERSION = YES_AGGRESSIVE;
				CLANG_CXX_LANGUAGE_STANDARD = "gnu++17";
				CLANG_ENABLE_MODULES = YES;
				CLANG_ENABLE_OBJC_ARC = YES;
				CLANG_ENABLE_OBJC_WEAK = YES;
				CLANG_WARN_BLOCK_CAPTURE_AUTORELEASING = YES;
				CLANG_WARN_BOOL_CONVERSION = YES;
				CLANG_WARN_COMMA = YES;
				CLANG_WARN_CONSTANT_CONVERSION = YES;
				CLANG_WARN_DEPRECATED_OBJC_IMPLEMENTATIONS = YES;
				CLANG_WARN_DIRECT_OBJC_ISA_USAGE = YES_ERROR;
				CLANG_WARN_DOCUMENTATION_COMMENTS = YES;
				CLANG_WARN_EMPTY_BODY = YES;
				CLANG_WARN_ENUM_CONVERSION = YES;
				CLANG_WARN_INFINITE_RECURSION = YES;
				CLANG_WARN_INT_CONVERSION = YES;
				CLANG_WARN_NON_LITERAL_NULL_CONVERSION = YES;
				CLANG_WARN_OBJC_IMPLICIT_RETAIN_SELF = YES;
				CLANG_WARN_OBJC_LITERAL_CONVERSION = YES;
				CLANG_WARN_OBJC_ROOT_CLASS = YES_ERROR;
				CLANG_WARN_QUOTED_INCLUDE_IN_FRAMEWORK_HEADER = YES;
				CLANG_WARN_RANGE_LOOP_ANALYSIS = YES;
				CLANG_WARN_STRICT_PROTOTYPES = YES;
				CLANG_WARN_SUSPICIOUS_MOVE = YES;
				CLANG_WARN_UNGUARDED_AVAILABILITY = YES_AGGRESSIVE;
				CLANG_WARN_UNREACHABLE_CODE = YES;
				CLANG_WARN__DUPLICATE_METHOD_MATCH = YES;
				COPY_PHASE_STRIP = NO;
				CURRENT_PROJECT_VERSION = 1;
				DEBUG_INFORMATION_FORMAT = dwarf;
				ENABLE_BITCODE = YES;
				ENABLE_STRICT_OBJC_MSGSEND = YES;
				ENABLE_TESTABILITY = YES;
				ENABLE_TESTING_SEARCH_PATHS = YES;
				GCC_C_LANGUAGE_STANDARD = gnu11;
				GCC_DYNAMIC_NO_PIC = NO;
				GCC_NO_COMMON_BLOCKS = YES;
				GCC_OPTIMIZATION_LEVEL = 0;
				GCC_PREPROCESSOR_DEFINITIONS = (
					"DEBUG=1",
					"$(inherited)",
				);
				GCC_WARN_64_TO_32_BIT_CONVERSION = YES;
				GCC_WARN_ABOUT_RETURN_TYPE = YES_ERROR;
				GCC_WARN_UNDECLARED_SELECTOR = YES;
				GCC_WARN_UNINITIALIZED_AUTOS = YES_AGGRESSIVE;
				GCC_WARN_UNUSED_FUNCTION = YES;
				GCC_WARN_UNUSED_VARIABLE = YES;
				IPHONEOS_DEPLOYMENT_TARGET = 15.0;
				LD_RUNPATH_SEARCH_PATHS = "";
				MTL_ENABLE_DEBUG_INFO = INCLUDE_SOURCE;
				MTL_FAST_MATH = YES;
				ONLY_ACTIVE_ARCH = YES;
				SDKROOT = iphoneos;
				SWIFT_ACTIVE_COMPILATION_CONDITIONS = DEBUG;
				SWIFT_OPTIMIZATION_LEVEL = "-Onone";
				VERSIONING_SYSTEM = "apple-generic";
				VERSION_INFO_PREFIX = "";
			};
			name = Debug;
		};
		5916BCA628B3FC2400F51AF6 /* Release */ = {
			isa = XCBuildConfiguration;
			buildSettings = {
				ALWAYS_SEARCH_USER_PATHS = NO;
				CLANG_ANALYZER_NONNULL = YES;
				CLANG_ANALYZER_NUMBER_OBJECT_CONVERSION = YES_AGGRESSIVE;
				CLANG_CXX_LANGUAGE_STANDARD = "gnu++17";
				CLANG_ENABLE_MODULES = YES;
				CLANG_ENABLE_OBJC_ARC = YES;
				CLANG_ENABLE_OBJC_WEAK = YES;
				CLANG_WARN_BLOCK_CAPTURE_AUTORELEASING = YES;
				CLANG_WARN_BOOL_CONVERSION = YES;
				CLANG_WARN_COMMA = YES;
				CLANG_WARN_CONSTANT_CONVERSION = YES;
				CLANG_WARN_DEPRECATED_OBJC_IMPLEMENTATIONS = YES;
				CLANG_WARN_DIRECT_OBJC_ISA_USAGE = YES_ERROR;
				CLANG_WARN_DOCUMENTATION_COMMENTS = YES;
				CLANG_WARN_EMPTY_BODY = YES;
				CLANG_WARN_ENUM_CONVERSION = YES;
				CLANG_WARN_INFINITE_RECURSION = YES;
				CLANG_WARN_INT_CONVERSION = YES;
				CLANG_WARN_NON_LITERAL_NULL_CONVERSION = YES;
				CLANG_WARN_OBJC_IMPLICIT_RETAIN_SELF = YES;
				CLANG_WARN_OBJC_LITERAL_CONVERSION = YES;
				CLANG_WARN_OBJC_ROOT_CLASS = YES_ERROR;
				CLANG_WARN_QUOTED_INCLUDE_IN_FRAMEWORK_HEADER = YES;
				CLANG_WARN_RANGE_LOOP_ANALYSIS = YES;
				CLANG_WARN_STRICT_PROTOTYPES = YES;
				CLANG_WARN_SUSPICIOUS_MOVE = YES;
				CLANG_WARN_UNGUARDED_AVAILABILITY = YES_AGGRESSIVE;
				CLANG_WARN_UNREACHABLE_CODE = YES;
				CLANG_WARN__DUPLICATE_METHOD_MATCH = YES;
				COPY_PHASE_STRIP = NO;
				CURRENT_PROJECT_VERSION = 1;
				DEBUG_INFORMATION_FORMAT = "dwarf-with-dsym";
				ENABLE_BITCODE = YES;
				ENABLE_NS_ASSERTIONS = NO;
				ENABLE_STRICT_OBJC_MSGSEND = YES;
				ENABLE_TESTING_SEARCH_PATHS = YES;
				GCC_C_LANGUAGE_STANDARD = gnu11;
				GCC_NO_COMMON_BLOCKS = YES;
				GCC_WARN_64_TO_32_BIT_CONVERSION = YES;
				GCC_WARN_ABOUT_RETURN_TYPE = YES_ERROR;
				GCC_WARN_UNDECLARED_SELECTOR = YES;
				GCC_WARN_UNINITIALIZED_AUTOS = YES_AGGRESSIVE;
				GCC_WARN_UNUSED_FUNCTION = YES;
				GCC_WARN_UNUSED_VARIABLE = YES;
				IPHONEOS_DEPLOYMENT_TARGET = 15.0;
				LD_RUNPATH_SEARCH_PATHS = "";
				MTL_ENABLE_DEBUG_INFO = NO;
				MTL_FAST_MATH = YES;
				SDKROOT = iphoneos;
				SWIFT_COMPILATION_MODE = wholemodule;
				SWIFT_OPTIMIZATION_LEVEL = "-O";
				VALIDATE_PRODUCT = YES;
				VERSIONING_SYSTEM = "apple-generic";
				VERSION_INFO_PREFIX = "";
			};
			name = Release;
		};
		5916BCA828B3FC2400F51AF6 /* Debug */ = {
			isa = XCBuildConfiguration;
			buildSettings = {
				CODE_SIGN_STYLE = Automatic;
				CURRENT_PROJECT_VERSION = 1;
				DEFINES_MODULE = YES;
				DEVELOPMENT_TEAM = 54F54H9Y8X;
				DYLIB_COMPATIBILITY_VERSION = 1;
				DYLIB_CURRENT_VERSION = 1;
				DYLIB_INSTALL_NAME_BASE = "@rpath";
				ENABLE_BITCODE = YES;
				GENERATE_INFOPLIST_FILE = YES;
				INFOPLIST_KEY_NSHumanReadableCopyright = "";
				INSTALL_PATH = "$(LOCAL_LIBRARY_DIR)/Frameworks";
				LD_RUNPATH_SEARCH_PATHS = (
					"$(inherited)",
					"@executable_path/Frameworks",
					"@loader_path/Frameworks",
				);
				MARKETING_VERSION = 1.0;
				PRODUCT_BUNDLE_IDENTIFIER = com.mutlu.Presentation;
				PRODUCT_NAME = "$(TARGET_NAME:c99extidentifier)";
				SKIP_INSTALL = YES;
				SUPPORTS_MACCATALYST = NO;
				SWIFT_EMIT_LOC_STRINGS = YES;
				SWIFT_VERSION = 5.0;
				TARGETED_DEVICE_FAMILY = "1,2";
			};
			name = Debug;
		};
		5916BCA928B3FC2400F51AF6 /* Release */ = {
			isa = XCBuildConfiguration;
			buildSettings = {
				CODE_SIGN_STYLE = Automatic;
				CURRENT_PROJECT_VERSION = 1;
				DEFINES_MODULE = YES;
				DEVELOPMENT_TEAM = 54F54H9Y8X;
				DYLIB_COMPATIBILITY_VERSION = 1;
				DYLIB_CURRENT_VERSION = 1;
				DYLIB_INSTALL_NAME_BASE = "@rpath";
				ENABLE_BITCODE = YES;
				GENERATE_INFOPLIST_FILE = YES;
				INFOPLIST_KEY_NSHumanReadableCopyright = "";
				INSTALL_PATH = "$(LOCAL_LIBRARY_DIR)/Frameworks";
				LD_RUNPATH_SEARCH_PATHS = (
					"$(inherited)",
					"@executable_path/Frameworks",
					"@loader_path/Frameworks",
				);
				MARKETING_VERSION = 1.0;
				PRODUCT_BUNDLE_IDENTIFIER = com.mutlu.Presentation;
				PRODUCT_NAME = "$(TARGET_NAME:c99extidentifier)";
				SKIP_INSTALL = YES;
				SUPPORTS_MACCATALYST = NO;
				SWIFT_EMIT_LOC_STRINGS = YES;
				SWIFT_VERSION = 5.0;
				TARGETED_DEVICE_FAMILY = "1,2";
			};
			name = Release;
		};
		5916BCAB28B3FC2400F51AF6 /* Debug */ = {
			isa = XCBuildConfiguration;
			buildSettings = {
				ALWAYS_EMBED_SWIFT_STANDARD_LIBRARIES = YES;
				CODE_SIGN_STYLE = Automatic;
				CURRENT_PROJECT_VERSION = 1;
				DEVELOPMENT_TEAM = 54F54H9Y8X;
				GENERATE_INFOPLIST_FILE = YES;
				MARKETING_VERSION = 1.0;
				PRODUCT_BUNDLE_IDENTIFIER = com.mutlu.PresentationTests;
				PRODUCT_NAME = "$(TARGET_NAME)";
				SWIFT_EMIT_LOC_STRINGS = NO;
				SWIFT_VERSION = 5.0;
				TARGETED_DEVICE_FAMILY = "1,2";
			};
			name = Debug;
		};
		5916BCAC28B3FC2400F51AF6 /* Release */ = {
			isa = XCBuildConfiguration;
			buildSettings = {
				ALWAYS_EMBED_SWIFT_STANDARD_LIBRARIES = YES;
				CODE_SIGN_STYLE = Automatic;
				CURRENT_PROJECT_VERSION = 1;
				DEVELOPMENT_TEAM = 54F54H9Y8X;
				GENERATE_INFOPLIST_FILE = YES;
				MARKETING_VERSION = 1.0;
				PRODUCT_BUNDLE_IDENTIFIER = com.mutlu.PresentationTests;
				PRODUCT_NAME = "$(TARGET_NAME)";
				SWIFT_EMIT_LOC_STRINGS = NO;
				SWIFT_VERSION = 5.0;
				TARGETED_DEVICE_FAMILY = "1,2";
			};
			name = Release;
		};
/* End XCBuildConfiguration section */

/* Begin XCConfigurationList section */
		5916BC8D28B3FC2400F51AF6 /* Build configuration list for PBXProject "Presentation" */ = {
			isa = XCConfigurationList;
			buildConfigurations = (
				5916BCA528B3FC2400F51AF6 /* Debug */,
				5916BCA628B3FC2400F51AF6 /* Release */,
			);
			defaultConfigurationIsVisible = 0;
			defaultConfigurationName = Release;
		};
		5916BCA728B3FC2400F51AF6 /* Build configuration list for PBXNativeTarget "Presentation" */ = {
			isa = XCConfigurationList;
			buildConfigurations = (
				5916BCA828B3FC2400F51AF6 /* Debug */,
				5916BCA928B3FC2400F51AF6 /* Release */,
			);
			defaultConfigurationIsVisible = 0;
			defaultConfigurationName = Release;
		};
		5916BCAA28B3FC2400F51AF6 /* Build configuration list for PBXNativeTarget "PresentationTests" */ = {
			isa = XCConfigurationList;
			buildConfigurations = (
				5916BCAB28B3FC2400F51AF6 /* Debug */,
				5916BCAC28B3FC2400F51AF6 /* Release */,
			);
			defaultConfigurationIsVisible = 0;
			defaultConfigurationName = Release;
		};
/* End XCConfigurationList section */

/* Begin XCRemoteSwiftPackageReference section */
		5930675328B554D7004913B7 /* XCRemoteSwiftPackageReference "RxSwift" */ = {
			isa = XCRemoteSwiftPackageReference;
			repositoryURL = "https://github.com/ReactiveX/RxSwift";
			requirement = {
				branch = main;
				kind = branch;
			};
		};
		5930677928B6B0D1004913B7 /* XCRemoteSwiftPackageReference "Kingfisher" */ = {
			isa = XCRemoteSwiftPackageReference;
			repositoryURL = "https://github.com/onevcat/Kingfisher.git";
			requirement = {
				kind = upToNextMajorVersion;
				minimumVersion = 7.0.0;
			};
		};
/* End XCRemoteSwiftPackageReference section */

/* Begin XCSwiftPackageProductDependency section */
		5930675628B554D7004913B7 /* RxCocoa */ = {
			isa = XCSwiftPackageProductDependency;
			package = 5930675328B554D7004913B7 /* XCRemoteSwiftPackageReference "RxSwift" */;
			productName = RxCocoa;
		};
		5930675828B554D7004913B7 /* RxRelay */ = {
			isa = XCSwiftPackageProductDependency;
			package = 5930675328B554D7004913B7 /* XCRemoteSwiftPackageReference "RxSwift" */;
			productName = RxRelay;
		};
		5930675A28B554D7004913B7 /* RxSwift */ = {
			isa = XCSwiftPackageProductDependency;
			package = 5930675328B554D7004913B7 /* XCRemoteSwiftPackageReference "RxSwift" */;
			productName = RxSwift;
		};
		5930675E28B5561A004913B7 /* RxBlocking */ = {
			isa = XCSwiftPackageProductDependency;
			package = 5930675328B554D7004913B7 /* XCRemoteSwiftPackageReference "RxSwift" */;
			productName = RxBlocking;
		};
		5930676028B5561A004913B7 /* RxTest */ = {
			isa = XCSwiftPackageProductDependency;
			package = 5930675328B554D7004913B7 /* XCRemoteSwiftPackageReference "RxSwift" */;
			productName = RxTest;
		};
		5930677A28B6B0D1004913B7 /* Kingfisher */ = {
			isa = XCSwiftPackageProductDependency;
			package = 5930677928B6B0D1004913B7 /* XCRemoteSwiftPackageReference "Kingfisher" */;
			productName = Kingfisher;
		};
/* End XCSwiftPackageProductDependency section */
	};
	rootObject = 5916BC8A28B3FC2400F51AF6 /* Project object */;
}
